
Microsoft Visual Studio Solution File, Format Version 12.00
# Visual Studio Version 17
VisualStudioVersion = 17.8.34322.80
MinimumVisualStudioVersion = 10.0.40219.1
Project("{FAE04EC0-301F-11D3-BF4B-00C04F79EFBC}") = "MyFrontEnd", "MyFrontEnd\MyFrontEnd.csproj", "{40297A14-4717-4A87-82A5-9EFA0225E516}"
EndProject
Project("{FAE04EC0-301F-11D3-BF4B-00C04F79EFBC}") = "MyBackEnd", "MyBackEnd\MyBackEnd.csproj", "{F370EE9A-B10D-4A68-85F5-57563B051153}"
EndProject
Project("{E53339B2-1760-4266-BCC7-CA923CBCF16C}") = "docker-compose", "docker-compose.dcproj", "{481DBC74-7DD6-4668-90D8-D3D35668C85F}"
EndProject
Global
	GlobalSection(SolutionConfigurationPlatforms) = preSolution
		Debug|Any CPU = Debug|Any CPU
		Release|Any CPU = Release|Any CPU
	EndGlobalSection
	GlobalSection(ProjectConfigurationPlatforms) = postSolution
		{40297A14-4717-4A87-82A5-9EFA0225E516}.Debug|Any CPU.ActiveCfg = Debug|Any CPU
		{40297A14-4717-4A87-82A5-9EFA0225E516}.Debug|Any CPU.Build.0 = Debug|Any CPU
		{40297A14-4717-4A87-82A5-9EFA0225E516}.Release|Any CPU.ActiveCfg = Release|Any CPU
		{40297A14-4717-4A87-82A5-9EFA0225E516}.Release|Any CPU.Build.0 = Release|Any CPU
		{F370EE9A-B10D-4A68-85F5-57563B051153}.Debug|Any CPU.ActiveCfg = Debug|Any CPU
		{F370EE9A-B10D-4A68-85F5-57563B051153}.Debug|Any CPU.Build.0 = Debug|Any CPU
		{F370EE9A-B10D-4A68-85F5-57563B051153}.Release|Any CPU.ActiveCfg = Release|Any CPU
		{F370EE9A-B10D-4A68-85F5-57563B051153}.Release|Any CPU.Build.0 = Release|Any CPU
		{481DBC74-7DD6-4668-90D8-D3D35668C85F}.Debug|Any CPU.ActiveCfg = Debug|Any CPU
		{481DBC74-7DD6-4668-90D8-D3D35668C85F}.Debug|Any CPU.Build.0 = Debug|Any CPU
		{481DBC74-7DD6-4668-90D8-D3D35668C85F}.Release|Any CPU.ActiveCfg = Release|Any CPU
		{481DBC74-7DD6-4668-90D8-D3D35668C85F}.Release|Any CPU.Build.0 = Release|Any CPU
	EndGlobalSection
	GlobalSection(SolutionProperties) = preSolution
		HideSolutionNode = FALSE
	EndGlobalSection
	GlobalSection(ExtensibilityGlobals) = postSolution
		SolutionGuid = {FA6A0077-8ED1-43B2-8B9E-97D12F8D0115}
	EndGlobalSection
EndGlobal
